
Microsoft Visual Studio Solution File, Format Version 12.00
# Visual Studio Version 17
VisualStudioVersion = 17.3.32901.215
MinimumVisualStudioVersion = 10.0.40219.1
Project("{FAE04EC0-301F-11D3-BF4B-00C04F79EFBC}") = "Практическая №3", "Практическая №3.csproj", "{5F6DBAC8-D426-47F3-8456-777598B83895}"
EndProject
Global
	GlobalSection(SolutionConfigurationPlatforms) = preSolution
		Debug|Any CPU = Debug|Any CPU
		Release|Any CPU = Release|Any CPU
	EndGlobalSection
	GlobalSection(ProjectConfigurationPlatforms) = postSolution
		{5F6DBAC8-D426-47F3-8456-777598B83895}.Debug|Any CPU.ActiveCfg = Debug|Any CPU
		{5F6DBAC8-D426-47F3-8456-777598B83895}.Debug|Any CPU.Build.0 = Debug|Any CPU
		{5F6DBAC8-D426-47F3-8456-777598B83895}.Release|Any CPU.ActiveCfg = Release|Any CPU
		{5F6DBAC8-D426-47F3-8456-777598B83895}.Release|Any CPU.Build.0 = Release|Any CPU
	EndGlobalSection
	GlobalSection(SolutionProperties) = preSolution
		HideSolutionNode = FALSE
	EndGlobalSection
	GlobalSection(ExtensibilityGlobals) = postSolution
		SolutionGuid = {E19676E5-D2CC-41C3-B497-AC7E18CAF029}
	EndGlobalSection
EndGlobal
